
Microsoft Visual Studio Solution File, Format Version 12.00
# Visual Studio Version 16
VisualStudioVersion = 16.0.30204.135
MinimumVisualStudioVersion = 10.0.40219.1
Project("{9A19103F-16F7-4668-BE54-9A1E7A4F7556}") = "MavlinkTester", "MavlinkTester\MavlinkTester.csproj", "{D7254F75-D262-4097-B455-E318AF049896}"
EndProject
Project("{2150E333-8FDC-42A3-9474-1A3956D46DE8}") = "3rdParty", "3rdParty", "{184323D5-18AD-45E6-9EA5-6851EC3EA6F2}"
EndProject
Project("{9A19103F-16F7-4668-BE54-9A1E7A4F7556}") = "mavlink.net", "3rdParty\mavlink.net\mavlink.net.csproj", "{D9AAC4D6-47A9-48BF-952D-B7670E236A87}"
EndProject
Project("{9A19103F-16F7-4668-BE54-9A1E7A4F7556}") = "mavlinkgen", "3rdParty\mavlinkgen\mavlinkgen.csproj", "{FF5869A6-4EAF-46DF-8FA8-2AEBCF7382F8}"
EndProject
Project("{9A19103F-16F7-4668-BE54-9A1E7A4F7556}") = "mavlinkobjectgenerator", "3rdParty\mavlinkobjectgenerator\mavlinkobjectgenerator.csproj", "{9DF23A0D-F99E-4E42-AAD1-047118B4C633}"
EndProject
Global
	GlobalSection(SolutionConfigurationPlatforms) = preSolution
		Debug|Any CPU = Debug|Any CPU
		Release|Any CPU = Release|Any CPU
	EndGlobalSection
	GlobalSection(ProjectConfigurationPlatforms) = postSolution
		{D7254F75-D262-4097-B455-E318AF049896}.Debug|Any CPU.ActiveCfg = Debug|Any CPU
		{D7254F75-D262-4097-B455-E318AF049896}.Debug|Any CPU.Build.0 = Debug|Any CPU
		{D7254F75-D262-4097-B455-E318AF049896}.Release|Any CPU.ActiveCfg = Release|Any CPU
		{D7254F75-D262-4097-B455-E318AF049896}.Release|Any CPU.Build.0 = Release|Any CPU
		{D9AAC4D6-47A9-48BF-952D-B7670E236A87}.Debug|Any CPU.ActiveCfg = Debug|Any CPU
		{D9AAC4D6-47A9-48BF-952D-B7670E236A87}.Debug|Any CPU.Build.0 = Debug|Any CPU
		{D9AAC4D6-47A9-48BF-952D-B7670E236A87}.Release|Any CPU.ActiveCfg = Release|Any CPU
		{D9AAC4D6-47A9-48BF-952D-B7670E236A87}.Release|Any CPU.Build.0 = Release|Any CPU
		{FF5869A6-4EAF-46DF-8FA8-2AEBCF7382F8}.Debug|Any CPU.ActiveCfg = Debug|Any CPU
		{FF5869A6-4EAF-46DF-8FA8-2AEBCF7382F8}.Debug|Any CPU.Build.0 = Debug|Any CPU
		{FF5869A6-4EAF-46DF-8FA8-2AEBCF7382F8}.Release|Any CPU.ActiveCfg = Release|Any CPU
		{FF5869A6-4EAF-46DF-8FA8-2AEBCF7382F8}.Release|Any CPU.Build.0 = Release|Any CPU
		{9DF23A0D-F99E-4E42-AAD1-047118B4C633}.Debug|Any CPU.ActiveCfg = Debug|Any CPU
		{9DF23A0D-F99E-4E42-AAD1-047118B4C633}.Debug|Any CPU.Build.0 = Debug|Any CPU
		{9DF23A0D-F99E-4E42-AAD1-047118B4C633}.Release|Any CPU.ActiveCfg = Release|Any CPU
		{9DF23A0D-F99E-4E42-AAD1-047118B4C633}.Release|Any CPU.Build.0 = Release|Any CPU
	EndGlobalSection
	GlobalSection(SolutionProperties) = preSolution
		HideSolutionNode = FALSE
	EndGlobalSection
	GlobalSection(NestedProjects) = preSolution
		{D9AAC4D6-47A9-48BF-952D-B7670E236A87} = {184323D5-18AD-45E6-9EA5-6851EC3EA6F2}
		{FF5869A6-4EAF-46DF-8FA8-2AEBCF7382F8} = {184323D5-18AD-45E6-9EA5-6851EC3EA6F2}
		{9DF23A0D-F99E-4E42-AAD1-047118B4C633} = {184323D5-18AD-45E6-9EA5-6851EC3EA6F2}
	EndGlobalSection
	GlobalSection(ExtensibilityGlobals) = postSolution
		SolutionGuid = {D54F093C-2438-40FB-8C5F-7AE7AB6416D8}
	EndGlobalSection
EndGlobal
